<?xml version="1.0" encoding="utf-8"?>
<Project ToolsVersion="4.0" xmlns="http://schemas.microsoft.com/developer/msbuild/2003">
  <ItemGroup>
    <Filter Include="src">
      <UniqueIdentifier>{10fd04e1-1ffe-4ff2-b73d-9ec51f3dcf99}</UniqueIdentifier>
    </Filter>
    <Filter Include="src\Game2k">
      <UniqueIdentifier>{e2553021-998c-4264-b45c-d143b56d3fb0}</UniqueIdentifier>
    </Filter>
    <Filter Include="src\Field">
      <UniqueIdentifier>{da2799a5-15f5-47cd-8c83-a1b3767087ba}</UniqueIdentifier>
    </Filter>
    <Filter Include="src\GameSettings">
      <UniqueIdentifier>{51ad17cc-bc02-4993-9031-0abe9d022a58}</UniqueIdentifier>
    </Filter>
  </ItemGroup>
  <ItemGroup>
    <ClCompile Include="stdafx.cpp">
      <Filter>src</Filter>
    </ClCompile>
    <ClCompile Include="main.cpp">
      <Filter>src</Filter>
    </ClCompile>
    <ClCompile Include="Game2k.cpp">
      <Filter>src\Game2k</Filter>
    </ClCompile>
    <ClCompile Include="Field.cpp">
      <Filter>src\Field</Filter>
    </ClCompile>
    <ClCompile Include="Game2k_actions.cpp">
      <Filter>src\Game2k</Filter>
    </ClCompile>
    <ClCompile Include="Tile.cpp">
      <Filter>src\Field</Filter>
    </ClCompile>
    <ClCompile Include="Game2k_gui.cpp">
      <Filter>src\Game2k</Filter>
    </ClCompile>
    <ClCompile Include="GameSettings.cpp">
      <Filter>src\GameSettings</Filter>
    </ClCompile>
  </ItemGroup>
  <ItemGroup>
    <ClInclude Include="stdafx.h">
      <Filter>src</Filter>
    </ClInclude>
    <ClInclude Include="Game2k.h">
      <Filter>src\Game2k</Filter>
    </ClInclude>
    <ClInclude Include="Field.h">
      <Filter>src\Field</Filter>
    </ClInclude>
    <ClInclude Include="Tile.h">
      <Filter>src\Field</Filter>
    </ClInclude>
    <ClInclude Include="GameSettings.h">
      <Filter>src\GameSettings</Filter>
    </ClInclude>
  </ItemGroup>
</Project>